
Microsoft Visual Studio Solution File, Format Version 12.00
# Visual Studio Version 17
VisualStudioVersion = 17.0.32014.148
MinimumVisualStudioVersion = 10.0.40219.1
Project("{FAE04EC0-301F-11D3-BF4B-00C04F79EFBC}") = "Kenloadv2AutoBackups", "Kenloadv2AutoBackups.csproj", "{D46B477A-8C05-4746-9EE3-E8FF78DDCAD9}"
EndProject
Global
	GlobalSection(SolutionConfigurationPlatforms) = preSolution
		Debug|Any CPU = Debug|Any CPU
		Release|Any CPU = Release|Any CPU
	EndGlobalSection
	GlobalSection(ProjectConfigurationPlatforms) = postSolution
		{D46B477A-8C05-4746-9EE3-E8FF78DDCAD9}.Debug|Any CPU.ActiveCfg = Debug|Any CPU
		{D46B477A-8C05-4746-9EE3-E8FF78DDCAD9}.Debug|Any CPU.Build.0 = Debug|Any CPU
		{D46B477A-8C05-4746-9EE3-E8FF78DDCAD9}.Release|Any CPU.ActiveCfg = Release|Any CPU
		{D46B477A-8C05-4746-9EE3-E8FF78DDCAD9}.Release|Any CPU.Build.0 = Release|Any CPU
	EndGlobalSection
	GlobalSection(SolutionProperties) = preSolution
		HideSolutionNode = FALSE
	EndGlobalSection
	GlobalSection(ExtensibilityGlobals) = postSolution
		SolutionGuid = {E8598207-4B78-4E58-96D6-751265851FCF}
	EndGlobalSection
EndGlobal
